{
  "version": 1,
  "dependencies": {
    "net9.0": {
      "Microsoft.NET.ILLink.Tasks": {
        "type": "Direct",
        "requested": "[9.0.16, )",
        "resolved": "9.0.16",
        "contentHash": "ccPBYGLPJt8DeJTUzQ0JzOh/iuUAgnjayU63PokVywAhUOx+dzDKSPTL7AG94U/VpvNXflTT2AjsFAIF1+bXBw=="
      },
      "godotpckexplorer": {
        "type": "Project"
      },
      "pckbruteforcer": {
        "type": "Project",
        "dependencies": {
          "GodotPCKExplorer": "[1.0.0, )"
        }
      }
    },
    "net9.0/osx-arm64": {}
  }
}